Microsoft Visual Studio Solution File, Format Version 11.00
# Visual Studio 2008

Project("{A4E4583B-0B63-5171-3A69-2C938D33474A}") = "Fighttheweb", "Assembly-CSharp.csproj", "{EBC4F31F-14EC-9147-BBB3-CD9C978DCDB3}"
EndProject
Global
	GlobalSection(SolutionConfigurationPlatforms) = preSolution
		Debug|Any CPU = Debug|Any CPU
		Release|Any CPU = Release|Any CPU
	EndGlobalSection
	GlobalSection(ProjectConfigurationPlatforms) = postSolution
		{EBC4F31F-14EC-9147-BBB3-CD9C978DCDB3}.Debug|Any CPU.ActiveCfg = Debug|Any CPU
		{EBC4F31F-14EC-9147-BBB3-CD9C978DCDB3}.Debug|Any CPU.Build.0 = Debug|Any CPU
		{EBC4F31F-14EC-9147-BBB3-CD9C978DCDB3}.Release|Any CPU.ActiveCfg = Release|Any CPU
		{EBC4F31F-14EC-9147-BBB3-CD9C978DCDB3}.Release|Any CPU.Build.0 = Release|Any CPU
	EndGlobalSection
	GlobalSection(SolutionProperties) = preSolution
		HideSolutionNode = FALSE
	EndGlobalSection
		GlobalSection(MonoDevelopProperties) = preSolution
		StartupItem = Assembly-CSharp.csproj
		Policies = $0
		$0.TextStylePolicy = $1
		$1.inheritsSet = null
		$1.scope = text/x-csharp
		$0.CSharpFormattingPolicy = $2
		$2.inheritsSet = Mono
		$2.inheritsScope = text/x-csharp
		$2.scope = text/x-csharp
		$0.TextStylePolicy = $3
		$3.FileWidth = 120
		$3.TabWidth = 4
		$3.IndentWidth = 4
		$3.EolMarker = Unix
		$3.inheritsSet = Mono
		$3.inheritsScope = text/plain
		$3.scope = text/plain
	EndGlobalSection

EndGlobal
